NeoBundleLock ctrlp.vim 564176f01d7f3f7f8ab452ff4e1f5314de7b0981
NeoBundleLock neobundle.vim 6bf4fa1cf3cebfed76f5e300949faef0b78fbfbc
NeoBundleLock neosnippet-snippets 116fa4fd01e22b581fa6936914b97720463f14b6
NeoBundleLock neosnippet.vim ce3c3d209c38a6d87bbf1408d293e179f95e7bb8
NeoBundleLock vim-colorschemes 189f5182bb70fd35d0f56fee451c3f22a2a80135
NeoBundleLock vim-fugitive bdd216827ae53cdf70d933bb30762da9bf42cad4
NeoBundleLock vim-swift 1dbed3e3909ac1e5be7f45b7776e97bcf723e7e3
NeoBundleLock vimshell 3787e52766812d8b99a93ccdda57517bc2a0bab6
